{
  "version": 4,
  "terraform_version": "1.1.9",
  "serial": 72,
  "lineage": "aefb8d1f-03c9-a510-be58-07e55af94bc3",
  "outputs": {},
  "resources": [
    {
      "mode": "managed",
      "type": "lxd_network",
      "name": "new_default",
      "provider": "provider[\"registry.terraform.io/terraform-lxd/lxd\"]",
      "instances": [
        {
          "schema_version": 0,
          "attributes": {
            "config": {
              "ipv4.address": "10.150.19.1/24",
              "ipv4.nat": "true",
              "ipv6.address": "fd42:474b:622d:259d::1/64",
              "ipv6.nat": "true"
            },
            "description": "",
            "id": "new_default",
            "managed": true,
            "name": "new_default",
            "remote": null,
            "target": null,
            "type": "bridge"
          },
          "sensitive_attributes": [],
          "private": "bnVsbA=="
        }
      ]
    },
    {
      "mode": "managed",
      "type": "lxd_profile",
      "name": "profile1",
      "provider": "provider[\"registry.terraform.io/terraform-lxd/lxd\"]",
      "instances": [
        {
          "schema_version": 0,
          "attributes": {
            "config": {
              "limits.cpu": "4",
              "limits.memory": "6GB",
              "limits.memory.swap": "false",
              "linux.kernel_modules": "ip_tables,ip6_tables,nf_nat,overlay,br_netfilter,rbd,zfs,nfs",
              "raw.lxc": "lxc.mount.entry = /dev/kmsg dev/kmsg none defaults,bind,create=file\nlxc.apparmor.profile=unconfined\nlxc.cap.drop=\nlxc.cgroup.devices.allow=a\nlxc.mount.auto=proc:rw sys:rw",
              "security.nesting": "true",
              "security.privileged": "true"
            },
            "description": "",
            "device": [
              {
                "name": "eth0",
                "properties": {
                  "nictype": "bridged",
                  "parent": "new_default"
                },
                "type": "nic"
              },
              {
                "name": "root",
                "properties": {
                  "path": "/",
                  "pool": "default"
                },
                "type": "disk"
              }
            ],
            "id": "profile1",
            "name": "profile1",
            "remote": null
          },
          "sensitive_attributes": [],
          "private": "bnVsbA==",
          "dependencies": [
            "lxd_network.new_default"
          ]
        }
      ]
    }
  ]
}
