{
  "version": 4,
  "terraform_version": "1.1.7",
  "serial": 425,
  "lineage": "58b4605e-d6bb-4fce-01f1-5631cee01f91",
  "outputs": {},
  "resources": [
    {
      "mode": "managed",
      "type": "lxd_container",
      "name": "master",
      "provider": "provider[\"registry.terraform.io/terraform-lxd/lxd\"]",
      "instances": [
        {
          "index_key": 0,
          "schema_version": 0,
          "attributes": {
            "config": {
              "boot.autostart": "true"
            },
            "device": [
              {
                "name": "eth0",
                "properties": {
                  "ipv4.address": "10.150.19.10",
                  "nictype": "bridged",
                  "parent": "new_default"
                },
                "type": "nic"
              }
            ],
            "ephemeral": false,
            "file": [],
            "id": "master0",
            "image": "ubuntu:20.04",
            "ip_address": "10.150.19.10",
            "ipv4_address": "10.150.19.10",
            "ipv6_address": "fd42:474b:622d:259d:216:3eff:fe70:197f",
            "limits": {
              "cpu": "2"
            },
            "mac_address": "00:16:3e:70:19:7f",
            "name": "master0",
            "privileged": false,
            "profiles": [
              "profile0"
            ],
            "remote": null,
            "start_container": true,
            "status": "Running",
            "target": "none",
            "type": "container",
            "wait_for_network": true
          },
          "sensitive_attributes": [],
          "private": "bnVsbA==",
          "dependencies": [
            "lxd_network.new_default",
            "lxd_profile.profile0"
          ]
        }
      ]
    },
    {
      "mode": "managed",
      "type": "lxd_container",
      "name": "worker",
      "provider": "provider[\"registry.terraform.io/terraform-lxd/lxd\"]",
      "instances": [
        {
          "index_key": 0,
          "schema_version": 0,
          "attributes": {
            "config": {
              "boot.autostart": "true"
            },
            "device": [
              {
                "name": "eth0",
                "properties": {
                  "ipv4.address": "10.150.19.20",
                  "nictype": "bridged",
                  "parent": "new_default"
                },
                "type": "nic"
              }
            ],
            "ephemeral": false,
            "file": [],
            "id": "worker0",
            "image": "ubuntu:20.04",
            "ip_address": "10.150.19.20",
            "ipv4_address": "10.150.19.20",
            "ipv6_address": "fe80::ecee:eeff:feee:eeee",
            "limits": {
              "cpu": "2"
            },
            "mac_address": "00:16:3e:eb:a2:90",
            "name": "worker0",
            "privileged": false,
            "profiles": [
              "profile1",
              "profile0"
            ],
            "remote": null,
            "start_container": true,
            "status": "Running",
            "target": "none",
            "type": "container",
            "wait_for_network": true
          },
          "sensitive_attributes": [],
          "private": "bnVsbA==",
          "dependencies": [
            "lxd_container.master",
            "lxd_network.new_default"
          ]
        },
        {
          "index_key": 1,
          "schema_version": 0,
          "attributes": {
            "config": {
              "boot.autostart": "true"
            },
            "device": [
              {
                "name": "eth0",
                "properties": {
                  "ipv4.address": "10.150.19.21",
                  "nictype": "bridged",
                  "parent": "new_default"
                },
                "type": "nic"
              }
            ],
            "ephemeral": false,
            "file": [],
            "id": "worker1",
            "image": "ubuntu:20.04",
            "ip_address": "10.150.19.21",
            "ipv4_address": "10.150.19.21",
            "ipv6_address": "fe80::ecee:eeff:feee:eeee",
            "limits": {
              "cpu": "2"
            },
            "mac_address": "00:16:3e:57:27:80",
            "name": "worker1",
            "privileged": false,
            "profiles": [
              "profile0",
              "profile2"
            ],
            "remote": null,
            "start_container": true,
            "status": "Running",
            "target": "none",
            "type": "container",
            "wait_for_network": true
          },
          "sensitive_attributes": [],
          "private": "bnVsbA==",
          "dependencies": [
            "lxd_container.master",
            "lxd_network.new_default"
          ]
        },
        {
          "index_key": 2,
          "schema_version": 0,
          "attributes": {
            "config": {
              "boot.autostart": "true"
            },
            "device": [
              {
                "name": "eth0",
                "properties": {
                  "ipv4.address": "10.150.19.22",
                  "nictype": "bridged",
                  "parent": "new_default"
                },
                "type": "nic"
              }
            ],
            "ephemeral": false,
            "file": [],
            "id": "worker2",
            "image": "ubuntu:20.04",
            "ip_address": "10.244.189.64",
            "ipv4_address": "10.244.189.64",
            "ipv6_address": "fd42:474b:622d:259d:216:3eff:fe38:f36e",
            "limits": {
              "cpu": "2"
            },
            "mac_address": "00:00:00:00",
            "name": "worker2",
            "privileged": false,
            "profiles": [
              "profile0",
              "profile3"
            ],
            "remote": null,
            "start_container": true,
            "status": "Stopped",
            "target": "none",
            "type": "container",
            "wait_for_network": true
          },
          "sensitive_attributes": [],
          "private": "bnVsbA==",
          "dependencies": [
            "lxd_container.master",
            "lxd_network.new_default"
          ]
        }
      ]
    },
    {
      "mode": "managed",
      "type": "lxd_network",
      "name": "new_default",
      "provider": "provider[\"registry.terraform.io/terraform-lxd/lxd\"]",
      "instances": [
        {
          "schema_version": 0,
          "attributes": {
            "config": {
              "ipv4.address": "10.150.19.1/24",
              "ipv4.nat": "true",
              "ipv6.address": "fd42:474b:622d:259d::1/64",
              "ipv6.nat": "true"
            },
            "description": "",
            "id": "new_default",
            "managed": true,
            "name": "new_default",
            "remote": null,
            "target": null,
            "type": "bridge"
          },
          "sensitive_attributes": [],
          "private": "bnVsbA=="
        }
      ]
    },
    {
      "mode": "managed",
      "type": "lxd_profile",
      "name": "profile0",
      "provider": "provider[\"registry.terraform.io/terraform-lxd/lxd\"]",
      "instances": [
        {
          "schema_version": 0,
          "attributes": {
            "config": {
              "limits.cpu": "4",
              "limits.memory": "6GB",
              "limits.memory.swap": "false",
              "linux.kernel_modules": "ip_tables,ip6_tables,nf_nat,overlay,br_netfilter,rbd",
              "raw.lxc": "lxc.mount.entry = /dev/kmsg dev/kmsg none defaults,bind,create=file\nlxc.apparmor.profile=unconfined\nlxc.cap.drop=\nlxc.cgroup.devices.allow=a\nlxc.mount.auto=proc:rw sys:rw",
              "security.nesting": "true",
              "security.privileged": "true"
            },
            "description": "",
            "device": [
              {
                "name": "eth0",
                "properties": {
                  "nictype": "bridged",
                  "parent": "new_default"
                },
                "type": "nic"
              },
              {
                "name": "root",
                "properties": {
                  "path": "/",
                  "pool": "default"
                },
                "type": "disk"
              }
            ],
            "id": "profile0",
            "name": "profile0",
            "remote": null
          },
          "sensitive_attributes": [],
          "private": "bnVsbA==",
          "dependencies": [
            "lxd_network.new_default"
          ]
        }
      ]
    },
    {
      "mode": "managed",
      "type": "lxd_profile",
      "name": "profile1",
      "provider": "provider[\"registry.terraform.io/terraform-lxd/lxd\"]",
      "instances": [
        {
          "schema_version": 0,
          "attributes": {
            "config": {
              "limits.cpu": "4",
              "limits.memory": "6GB",
              "limits.memory.swap": "false",
              "linux.kernel_modules": "ip_tables,ip6_tables,nf_nat,overlay,br_netfilter,rbd",
              "raw.lxc": "lxc.mount.entry = /dev/kmsg dev/kmsg none defaults,bind,create=file\nlxc.apparmor.profile=unconfined\nlxc.cap.drop=\nlxc.cgroup.devices.allow=a\nlxc.mount.auto=proc:rw sys:rw",
              "security.nesting": "true",
              "security.privileged": "true"
            },
            "description": "",
            "device": [
              {
                "name": "eth0",
                "properties": {
                  "nictype": "bridged",
                  "parent": "new_default"
                },
                "type": "nic"
              },
              {
                "name": "nvme0n1p4",
                "properties": {
                  "path": "/dev/nvme0n1p4",
                  "source": "/dev/nvme0n1p4"
                },
                "type": "unix-block"
              },
              {
                "name": "root",
                "properties": {
                  "path": "/",
                  "pool": "default"
                },
                "type": "disk"
              }
            ],
            "id": "profile1",
            "name": "profile1",
            "remote": null
          },
          "sensitive_attributes": [],
          "private": "bnVsbA==",
          "dependencies": [
            "lxd_network.new_default"
          ]
        }
      ]
    },
    {
      "mode": "managed",
      "type": "lxd_profile",
      "name": "profile2",
      "provider": "provider[\"registry.terraform.io/terraform-lxd/lxd\"]",
      "instances": [
        {
          "schema_version": 0,
          "attributes": {
            "config": {
              "limits.cpu": "4",
              "limits.memory": "6GB",
              "limits.memory.swap": "false",
              "linux.kernel_modules": "ip_tables,ip6_tables,nf_nat,overlay,br_netfilter,rbd",
              "raw.lxc": "lxc.mount.entry = /dev/kmsg dev/kmsg none defaults,bind,create=file\nlxc.apparmor.profile=unconfined\nlxc.cap.drop=\nlxc.cgroup.devices.allow=a\nlxc.mount.auto=proc:rw sys:rw",
              "security.nesting": "true",
              "security.privileged": "true"
            },
            "description": "",
            "device": [
              {
                "name": "eth0",
                "properties": {
                  "nictype": "bridged",
                  "parent": "new_default"
                },
                "type": "nic"
              },
              {
                "name": "nvme0n1p5",
                "properties": {
                  "path": "/dev/nvme0n1p5",
                  "source": "/dev/nvme0n1p5"
                },
                "type": "unix-block"
              },
              {
                "name": "root",
                "properties": {
                  "path": "/",
                  "pool": "default"
                },
                "type": "disk"
              }
            ],
            "id": "profile2",
            "name": "profile2",
            "remote": null
          },
          "sensitive_attributes": [],
          "private": "bnVsbA==",
          "dependencies": [
            "lxd_network.new_default"
          ]
        }
      ]
    },
    {
      "mode": "managed",
      "type": "lxd_profile",
      "name": "profile3",
      "provider": "provider[\"registry.terraform.io/terraform-lxd/lxd\"]",
      "instances": [
        {
          "schema_version": 0,
          "attributes": {
            "config": {
              "limits.cpu": "4",
              "limits.memory": "6GB",
              "limits.memory.swap": "false",
              "linux.kernel_modules": "ip_tables,ip6_tables,nf_nat,overlay,br_netfilter,rbd",
              "raw.lxc": "lxc.mount.entry = /dev/kmsg dev/kmsg none defaults,bind,create=file\nlxc.apparmor.profile=unconfined\nlxc.cap.drop=\nlxc.cgroup.devices.allow=a\nlxc.mount.auto=proc:rw sys:rw",
              "security.nesting": "true",
              "security.privileged": "true"
            },
            "description": "",
            "device": [
              {
                "name": "eth0",
                "properties": {
                  "nictype": "bridged",
                  "parent": "new_default"
                },
                "type": "nic"
              },
              {
                "name": "nvme0n1p6",
                "properties": {
                  "path": "/dev/nvme0n1p6",
                  "source": "/dev/nvme0n1p6"
                },
                "type": "unix-block"
              },
              {
                "name": "root",
                "properties": {
                  "path": "/",
                  "pool": "default"
                },
                "type": "disk"
              }
            ],
            "id": "profile3",
            "name": "profile3",
            "remote": null
          },
          "sensitive_attributes": [],
          "private": "bnVsbA==",
          "dependencies": [
            "lxd_network.new_default"
          ]
        }
      ]
    }
  ]
}
