{
  "version": 4,
  "terraform_version": "1.2.1",
  "serial": 309,
  "lineage": "aefb8d1f-03c9-a510-be58-07e55af94bc3",
  "outputs": {},
  "resources": [
    {
      "mode": "managed",
      "type": "lxd_container",
      "name": "master",
      "provider": "provider[\"registry.terraform.io/terraform-lxd/lxd\"]",
      "instances": [
        {
          "index_key": 0,
          "schema_version": 0,
          "attributes": {
            "config": {
              "boot.autostart": "false"
            },
            "device": [
              {
                "name": "eth0",
                "properties": {
                  "ipv4.address": "10.150.19.10",
                  "nictype": "bridged",
                  "parent": "new_default"
                },
                "type": "nic"
              }
            ],
            "ephemeral": false,
            "file": [],
            "id": "master0",
            "image": "ubuntu:20.04",
            "ip_address": "10.244.84.192",
            "ipv4_address": "10.244.84.192",
            "ipv6_address": "fe80::ecee:eeff:feee:eeee",
            "limits": {
              "cpu": "2"
            },
            "mac_address": "00:00:00:00",
            "name": "master0",
            "privileged": false,
            "profiles": [
              "profile0"
            ],
            "remote": null,
            "start_container": true,
            "status": "Stopped",
            "target": "none",
            "type": "container",
            "wait_for_network": true
          },
          "sensitive_attributes": [],
          "private": "bnVsbA==",
          "dependencies": [
            "lxd_network.new_default",
            "lxd_profile.profile0"
          ]
        }
      ]
    },
    {
      "mode": "managed",
      "type": "lxd_container",
      "name": "nfs",
      "provider": "provider[\"registry.terraform.io/terraform-lxd/lxd\"]",
      "instances": [
        {
          "index_key": 0,
          "schema_version": 0,
          "attributes": {
            "config": {
              "boot.autostart": "false"
            },
            "device": [
              {
                "name": "eth0",
                "properties": {
                  "ipv4.address": "10.150.19.30",
                  "nictype": "bridged",
                  "parent": "new_default"
                },
                "type": "nic"
              }
            ],
            "ephemeral": false,
            "file": [],
            "id": "nfsserver0",
            "image": "ubuntu:20.04",
            "ip_address": "10.150.19.30",
            "ipv4_address": "10.150.19.30",
            "ipv6_address": "fd42:474b:622d:259d:216:3eff:fe57:96bb",
            "limits": {
              "cpu": "2"
            },
            "mac_address": "00:16:3e:57:96:bb",
            "name": "nfsserver0",
            "privileged": false,
            "profiles": [
              "nfs-server"
            ],
            "remote": null,
            "start_container": true,
            "status": "Running",
            "target": "none",
            "type": "container",
            "wait_for_network": true
          },
          "sensitive_attributes": [],
          "private": "bnVsbA==",
          "dependencies": [
            "lxd_container.master",
            "lxd_network.new_default",
            "lxd_profile.nfs-server",
            "lxd_profile.profile0"
          ]
        }
      ]
    },
    {
      "mode": "managed",
      "type": "lxd_container",
      "name": "worker",
      "provider": "provider[\"registry.terraform.io/terraform-lxd/lxd\"]",
      "instances": [
        {
          "index_key": 0,
          "schema_version": 0,
          "attributes": {
            "config": {
              "boot.autostart": "false"
            },
            "device": [
              {
                "name": "eth0",
                "properties": {
                  "ipv4.address": "10.150.19.20",
                  "nictype": "bridged",
                  "parent": "new_default"
                },
                "type": "nic"
              }
            ],
            "ephemeral": false,
            "file": [],
            "id": "worker0",
            "image": "ubuntu:20.04",
            "ip_address": "10.150.19.20",
            "ipv4_address": "10.150.19.20",
            "ipv6_address": "fd42:474b:622d:259d:216:3eff:fec7:8b07",
            "limits": {
              "cpu": "8",
              "memory": "12288MB"
            },
            "mac_address": "00:16:3e:c7:8b:07",
            "name": "worker0",
            "privileged": false,
            "profiles": [
              "profile1",
              "profile0"
            ],
            "remote": null,
            "start_container": true,
            "status": "Stopped",
            "target": "none",
            "type": "container",
            "wait_for_network": true
          },
          "sensitive_attributes": [],
          "private": "bnVsbA==",
          "dependencies": [
            "lxd_container.master",
            "lxd_network.new_default"
          ]
        },
        {
          "index_key": 1,
          "schema_version": 0,
          "attributes": {
            "config": {
              "boot.autostart": "false"
            },
            "device": [
              {
                "name": "eth0",
                "properties": {
                  "ipv4.address": "10.150.19.21",
                  "nictype": "bridged",
                  "parent": "new_default"
                },
                "type": "nic"
              }
            ],
            "ephemeral": false,
            "file": [],
            "id": "worker1",
            "image": "ubuntu:20.04",
            "ip_address": "10.244.235.128",
            "ipv4_address": "10.244.235.128",
            "ipv6_address": "fe80::ecee:eeff:feee:eeee",
            "limits": {
              "cpu": "2"
            },
            "mac_address": "00:00:00:00",
            "name": "worker1",
            "privileged": false,
            "profiles": [
              "profile0",
              "profile2"
            ],
            "remote": null,
            "start_container": true,
            "status": "Stopped",
            "target": "none",
            "type": "container",
            "wait_for_network": true
          },
          "sensitive_attributes": [],
          "private": "bnVsbA==",
          "dependencies": [
            "lxd_container.master",
            "lxd_network.new_default"
          ]
        },
        {
          "index_key": 2,
          "schema_version": 0,
          "attributes": {
            "config": {
              "boot.autostart": "false"
            },
            "device": [
              {
                "name": "eth0",
                "properties": {
                  "ipv4.address": "10.150.19.22",
                  "nictype": "bridged",
                  "parent": "new_default"
                },
                "type": "nic"
              }
            ],
            "ephemeral": false,
            "file": [],
            "id": "worker2",
            "image": "ubuntu:20.04",
            "ip_address": "10.150.19.22",
            "ipv4_address": "10.150.19.22",
            "ipv6_address": "fd42:474b:622d:259d:216:3eff:fea8:366e",
            "limits": {
              "cpu": "2"
            },
            "mac_address": "00:16:3e:a8:36:6e",
            "name": "worker2",
            "privileged": false,
            "profiles": [
              "profile0",
              "profile3"
            ],
            "remote": null,
            "start_container": true,
            "status": "Stopped",
            "target": "none",
            "type": "container",
            "wait_for_network": true
          },
          "sensitive_attributes": [],
          "private": "bnVsbA==",
          "dependencies": [
            "lxd_container.master",
            "lxd_network.new_default"
          ]
        }
      ]
    },
    {
      "mode": "managed",
      "type": "lxd_network",
      "name": "new_default",
      "provider": "provider[\"registry.terraform.io/terraform-lxd/lxd\"]",
      "instances": [
        {
          "schema_version": 0,
          "attributes": {
            "config": {
              "ipv4.address": "10.150.19.1/24",
              "ipv4.nat": "true",
              "ipv6.address": "fd42:474b:622d:259d::1/64",
              "ipv6.nat": "true"
            },
            "description": "",
            "id": "new_default",
            "managed": true,
            "name": "new_default",
            "remote": null,
            "target": null,
            "type": "bridge"
          },
          "sensitive_attributes": [],
          "private": "bnVsbA=="
        }
      ]
    },
    {
      "mode": "managed",
      "type": "lxd_profile",
      "name": "nfs-server",
      "provider": "provider[\"registry.terraform.io/terraform-lxd/lxd\"]",
      "instances": [
        {
          "schema_version": 0,
          "attributes": {
            "config": {
              "limits.cpu": "4",
              "limits.memory": "6GB",
              "limits.memory.swap": "false",
              "linux.kernel_modules": "ip_tables,ip6_tables,nf_nat,overlay,br_netfilter,rbd,zfs,nfs",
              "raw.lxc": "lxc.mount.entry = /dev/kmsg dev/kmsg none defaults,bind,create=file\nlxc.apparmor.profile=unconfined\nlxc.cap.drop=\nlxc.cgroup.devices.allow=a\nlxc.mount.auto=proc:rw sys:rw",
              "security.nesting": "true",
              "security.privileged": "true"
            },
            "description": "",
            "device": [
              {
                "name": "eth0",
                "properties": {
                  "nictype": "bridged",
                  "parent": "new_default"
                },
                "type": "nic"
              },
              {
                "name": "nfs-storage",
                "properties": {
                  "source": "/dev/disk/by-id/nvme-Micron_2200V_MTFDHBA512TCK__19402444B82D-part5"
                },
                "type": "unix-block"
              },
              {
                "name": "root",
                "properties": {
                  "path": "/",
                  "pool": "default"
                },
                "type": "disk"
              }
            ],
            "id": "nfs-server",
            "name": "nfs-server",
            "remote": null
          },
          "sensitive_attributes": [],
          "private": "bnVsbA==",
          "dependencies": [
            "lxd_network.new_default"
          ]
        }
      ]
    },
    {
      "mode": "managed",
      "type": "lxd_profile",
      "name": "profile0",
      "provider": "provider[\"registry.terraform.io/terraform-lxd/lxd\"]",
      "instances": [
        {
          "schema_version": 0,
          "attributes": {
            "config": {
              "limits.cpu": "4",
              "limits.memory": "6GB",
              "limits.memory.swap": "false",
              "linux.kernel_modules": "ip_tables,ip6_tables,nf_nat,overlay,br_netfilter,rbd,zfs,nfs",
              "raw.lxc": "lxc.mount.entry = /dev/kmsg dev/kmsg none defaults,bind,create=file\nlxc.apparmor.profile=unconfined\nlxc.cap.drop=\nlxc.cgroup.devices.allow=a\nlxc.mount.auto=proc:rw sys:rw",
              "security.nesting": "true",
              "security.privileged": "true"
            },
            "description": "",
            "device": [
              {
                "name": "eth0",
                "properties": {
                  "nictype": "bridged",
                  "parent": "new_default"
                },
                "type": "nic"
              },
              {
                "name": "root",
                "properties": {
                  "path": "/",
                  "pool": "default"
                },
                "type": "disk"
              }
            ],
            "id": "profile0",
            "name": "profile0",
            "remote": null
          },
          "sensitive_attributes": [],
          "private": "bnVsbA==",
          "dependencies": [
            "lxd_network.new_default"
          ]
        }
      ]
    },
    {
      "mode": "managed",
      "type": "lxd_profile",
      "name": "profile1",
      "provider": "provider[\"registry.terraform.io/terraform-lxd/lxd\"]",
      "instances": [
        {
          "schema_version": 0,
          "attributes": {
            "config": {
              "limits.cpu": "8",
              "limits.memory": "12288MB",
              "limits.memory.swap": "false",
              "linux.kernel_modules": "ip_tables,ip6_tables,nf_nat,overlay,br_netfilter,rbd,zfs,nfs",
              "raw.lxc": "lxc.mount.entry = /dev/kmsg dev/kmsg none defaults,bind,create=file\nlxc.apparmor.profile=unconfined\nlxc.cap.drop=\nlxc.cgroup.devices.allow=a\nlxc.mount.auto=proc:rw sys:rw",
              "security.nesting": "true",
              "security.privileged": "true"
            },
            "description": "",
            "device": [
              {
                "name": "eth0",
                "properties": {
                  "nictype": "bridged",
                  "parent": "new_default"
                },
                "type": "nic"
              },
              {
                "name": "root",
                "properties": {
                  "path": "/",
                  "pool": "default"
                },
                "type": "disk"
              }
            ],
            "id": "profile1",
            "name": "profile1",
            "remote": null
          },
          "sensitive_attributes": [],
          "private": "bnVsbA==",
          "dependencies": [
            "lxd_network.new_default"
          ]
        }
      ]
    },
    {
      "mode": "managed",
      "type": "lxd_profile",
      "name": "profile2",
      "provider": "provider[\"registry.terraform.io/terraform-lxd/lxd\"]",
      "instances": [
        {
          "schema_version": 0,
          "attributes": {
            "config": {
              "limits.cpu": "4",
              "limits.memory": "6GB",
              "limits.memory.swap": "false",
              "linux.kernel_modules": "ip_tables,ip6_tables,nf_nat,overlay,br_netfilter,rbd,zfs,nfs",
              "raw.lxc": "lxc.mount.entry = /dev/kmsg dev/kmsg none defaults,bind,create=file\nlxc.apparmor.profile=unconfined\nlxc.cap.drop=\nlxc.cgroup.devices.allow=a\nlxc.mount.auto=proc:rw sys:rw",
              "security.nesting": "true",
              "security.privileged": "true"
            },
            "description": "",
            "device": [
              {
                "name": "eth0",
                "properties": {
                  "nictype": "bridged",
                  "parent": "new_default"
                },
                "type": "nic"
              },
              {
                "name": "root",
                "properties": {
                  "path": "/",
                  "pool": "default"
                },
                "type": "disk"
              }
            ],
            "id": "profile2",
            "name": "profile2",
            "remote": null
          },
          "sensitive_attributes": [],
          "private": "bnVsbA==",
          "dependencies": [
            "lxd_network.new_default"
          ]
        }
      ]
    },
    {
      "mode": "managed",
      "type": "lxd_profile",
      "name": "profile3",
      "provider": "provider[\"registry.terraform.io/terraform-lxd/lxd\"]",
      "instances": [
        {
          "schema_version": 0,
          "attributes": {
            "config": {
              "limits.cpu": "4",
              "limits.memory": "6GB",
              "limits.memory.swap": "false",
              "linux.kernel_modules": "ip_tables,ip6_tables,nf_nat,overlay,br_netfilter,rbd,zfs,nfs",
              "raw.lxc": "lxc.mount.entry = /dev/kmsg dev/kmsg none defaults,bind,create=file\nlxc.apparmor.profile=unconfined\nlxc.cap.drop=\nlxc.cgroup.devices.allow=a\nlxc.mount.auto=proc:rw sys:rw",
              "security.nesting": "true",
              "security.privileged": "true"
            },
            "description": "",
            "device": [
              {
                "name": "eth0",
                "properties": {
                  "nictype": "bridged",
                  "parent": "new_default"
                },
                "type": "nic"
              },
              {
                "name": "root",
                "properties": {
                  "path": "/",
                  "pool": "default"
                },
                "type": "disk"
              }
            ],
            "id": "profile3",
            "name": "profile3",
            "remote": null
          },
          "sensitive_attributes": [],
          "private": "bnVsbA==",
          "dependencies": [
            "lxd_network.new_default"
          ]
        }
      ]
    },
    {
      "mode": "managed",
      "type": "null_resource",
      "name": "nfs_source",
      "provider": "provider[\"registry.terraform.io/hashicorp/null\"]",
      "instances": [
        {
          "schema_version": 0,
          "attributes": {
            "id": "5051319738685054906",
            "triggers": {
              "nfs_source": "/dev/disk/by-id/nvme-Micron_2200V_MTFDHBA512TCK__19402444B82D-part5"
            }
          },
          "sensitive_attributes": [],
          "private": "bnVsbA=="
        }
      ]
    }
  ]
}
