{
  "version": 4,
  "terraform_version": "1.1.7",
  "serial": 380,
  "lineage": "58b4605e-d6bb-4fce-01f1-5631cee01f91",
  "outputs": {},
  "resources": [
    {
      "mode": "managed",
      "type": "local_file",
      "name": "inventory",
      "provider": "provider[\"registry.terraform.io/hashicorp/local\"]",
      "instances": [
        {
          "schema_version": 0,
          "attributes": {
            "content": "# inventory/hosts      \n[master_nodes]\nmaster0    ip_address=10.150.19.10\n\n[worker_nodes]\nworker0    ip_address=10.150.19.20\nworker1    ip_address=10.150.19.21\n\n[nfs_nodes]\nnfsserver0    ip_address=10.150.19.30\n\n\n\n[all:vars]\nansible_connection=lxd\nansible_python_interpreter=/usr/bin/python3\nhosttempfile_location=~/\n\n",
            "content_base64": null,
            "directory_permission": "0777",
            "file_permission": "0777",
            "filename": "./ansible//inventory/hosts",
            "id": "22242df6cd68aafc54c05ce9a1e572c037a0460e",
            "sensitive_content": null,
            "source": null
          },
          "sensitive_attributes": [],
          "private": "bnVsbA==",
          "dependencies": [
            "lxd_container.master",
            "lxd_container.nfsserver",
            "lxd_container.worker",
            "lxd_network.new_default",
            "lxd_profile.profile1"
          ]
        }
      ]
    },
    {
      "mode": "managed",
      "type": "lxd_container",
      "name": "master",
      "provider": "provider[\"registry.terraform.io/terraform-lxd/lxd\"]",
      "instances": [
        {
          "index_key": 0,
          "schema_version": 0,
          "attributes": {
            "config": {
              "boot.autostart": "true"
            },
            "device": [
              {
                "name": "eth0",
                "properties": {
                  "ipv4.address": "10.150.19.10",
                  "nictype": "bridged",
                  "parent": "new_default"
                },
                "type": "nic"
              }
            ],
            "ephemeral": false,
            "file": [],
            "id": "master0",
            "image": "ubuntu:20.04",
            "ip_address": "10.150.19.10",
            "ipv4_address": "10.150.19.10",
            "ipv6_address": "fd42:474b:622d:259d:216:3eff:fee5:28fe",
            "limits": {
              "cpu": "2"
            },
            "mac_address": "00:16:3e:e5:28:fe",
            "name": "master0",
            "privileged": false,
            "profiles": [
              "profile1"
            ],
            "remote": null,
            "start_container": true,
            "status": "Running",
            "target": "none",
            "type": "container",
            "wait_for_network": true
          },
          "sensitive_attributes": [],
          "private": "bnVsbA==",
          "dependencies": [
            "lxd_network.new_default",
            "lxd_profile.profile1"
          ]
        }
      ]
    },
    {
      "mode": "managed",
      "type": "lxd_container",
      "name": "nfsserver",
      "provider": "provider[\"registry.terraform.io/terraform-lxd/lxd\"]",
      "instances": [
        {
          "index_key": 0,
          "schema_version": 0,
          "attributes": {
            "config": {
              "boot.autostart": "true"
            },
            "device": [
              {
                "name": "eth0",
                "properties": {
                  "ipv4.address": "10.150.19.30",
                  "nictype": "bridged",
                  "parent": "new_default"
                },
                "type": "nic"
              }
            ],
            "ephemeral": false,
            "file": [],
            "id": "nfsserver0",
            "image": "ubuntu:20.04",
            "ip_address": "10.150.19.30",
            "ipv4_address": "10.150.19.30",
            "ipv6_address": "fd42:474b:622d:259d:216:3eff:fedd:91f6",
            "limits": {
              "cpu": "2"
            },
            "mac_address": "00:16:3e:dd:91:f6",
            "name": "nfsserver0",
            "privileged": false,
            "profiles": [
              "profile1"
            ],
            "remote": null,
            "start_container": true,
            "status": "Running",
            "target": "none",
            "type": "container",
            "wait_for_network": true
          },
          "sensitive_attributes": [],
          "private": "bnVsbA==",
          "dependencies": [
            "lxd_network.new_default",
            "lxd_profile.profile1"
          ]
        }
      ]
    },
    {
      "mode": "managed",
      "type": "lxd_container",
      "name": "worker",
      "provider": "provider[\"registry.terraform.io/terraform-lxd/lxd\"]",
      "instances": [
        {
          "index_key": 0,
          "schema_version": 0,
          "attributes": {
            "config": {
              "boot.autostart": "true"
            },
            "device": [
              {
                "name": "eth0",
                "properties": {
                  "ipv4.address": "10.150.19.20",
                  "nictype": "bridged",
                  "parent": "new_default"
                },
                "type": "nic"
              }
            ],
            "ephemeral": false,
            "file": [],
            "id": "worker0",
            "image": "ubuntu:20.04",
            "ip_address": "10.150.19.20",
            "ipv4_address": "10.150.19.20",
            "ipv6_address": "fd42:474b:622d:259d:216:3eff:fe94:e37",
            "limits": {
              "cpu": "2"
            },
            "mac_address": "00:16:3e:94:0e:37",
            "name": "worker0",
            "privileged": false,
            "profiles": [
              "profile1"
            ],
            "remote": null,
            "start_container": true,
            "status": "Running",
            "target": "none",
            "type": "container",
            "wait_for_network": true
          },
          "sensitive_attributes": [],
          "private": "bnVsbA==",
          "dependencies": [
            "lxd_container.master",
            "lxd_network.new_default",
            "lxd_profile.profile1"
          ]
        },
        {
          "index_key": 1,
          "schema_version": 0,
          "attributes": {
            "config": {
              "boot.autostart": "true"
            },
            "device": [
              {
                "name": "eth0",
                "properties": {
                  "ipv4.address": "10.150.19.21",
                  "nictype": "bridged",
                  "parent": "new_default"
                },
                "type": "nic"
              }
            ],
            "ephemeral": false,
            "file": [],
            "id": "worker1",
            "image": "ubuntu:20.04",
            "ip_address": "10.150.19.21",
            "ipv4_address": "10.150.19.21",
            "ipv6_address": "fd42:474b:622d:259d:216:3eff:fe9e:332d",
            "limits": {
              "cpu": "2"
            },
            "mac_address": "00:16:3e:9e:33:2d",
            "name": "worker1",
            "privileged": false,
            "profiles": [
              "profile1"
            ],
            "remote": null,
            "start_container": true,
            "status": "Running",
            "target": "none",
            "type": "container",
            "wait_for_network": true
          },
          "sensitive_attributes": [],
          "private": "bnVsbA==",
          "dependencies": [
            "lxd_container.master",
            "lxd_network.new_default",
            "lxd_profile.profile1"
          ]
        }
      ]
    },
    {
      "mode": "managed",
      "type": "lxd_network",
      "name": "new_default",
      "provider": "provider[\"registry.terraform.io/terraform-lxd/lxd\"]",
      "instances": [
        {
          "schema_version": 0,
          "attributes": {
            "config": {
              "ipv4.address": "10.150.19.1/24",
              "ipv4.nat": "true",
              "ipv6.address": "fd42:474b:622d:259d::1/64",
              "ipv6.nat": "true"
            },
            "description": "",
            "id": "new_default",
            "managed": true,
            "name": "new_default",
            "remote": null,
            "target": null,
            "type": "bridge"
          },
          "sensitive_attributes": [],
          "private": "bnVsbA=="
        }
      ]
    },
    {
      "mode": "managed",
      "type": "lxd_profile",
      "name": "profile1",
      "provider": "provider[\"registry.terraform.io/terraform-lxd/lxd\"]",
      "instances": [
        {
          "schema_version": 0,
          "attributes": {
            "config": {
              "limits.cpu": "2",
              "limits.memory": "2GB",
              "limits.memory.swap": "false",
              "linux.kernel_modules": "ip_tables,ip6_tables,nf_nat,overlay,br_netfilter",
              "raw.lxc": "lxc.mount.entry = /dev/kmsg dev/kmsg none defaults,bind,create=file\nlxc.apparmor.profile=unconfined\nlxc.cap.drop=\nlxc.cgroup.devices.allow=a\nlxc.mount.auto=proc:rw sys:rw",
              "security.nesting": "true",
              "security.privileged": "true"
            },
            "description": "",
            "device": [
              {
                "name": "eth0",
                "properties": {
                  "nictype": "bridged",
                  "parent": "new_default"
                },
                "type": "nic"
              },
              {
                "name": "root",
                "properties": {
                  "path": "/",
                  "pool": "default"
                },
                "type": "disk"
              }
            ],
            "id": "profile1",
            "name": "profile1",
            "remote": null
          },
          "sensitive_attributes": [],
          "private": "bnVsbA==",
          "dependencies": [
            "lxd_network.new_default"
          ]
        }
      ]
    }
  ]
}
